// !$*UTF8*$!
{
	archiveVersion = 1;
	classes = {
	};
	objectVersion = 50;
	objects = {

/* Begin PBXBuildFile section */
		36080737254C837400DB81C0 /* AppDelegate.swift in Sources */ = {isa = PBXBuildFile; fileRef = 36080736254C837400DB81C0 /* AppDelegate.swift */; };
		36080739254C837400DB81C0 /* SceneDelegate.swift in Sources */ = {isa = PBXBuildFile; fileRef = 36080738254C837400DB81C0 /* SceneDelegate.swift */; };
		3608073B254C837400DB81C0 /* ViewController.swift in Sources */ = {isa = PBXBuildFile; fileRef = 3608073A254C837400DB81C0 /* ViewController.swift */; };
		3608073E254C837400DB81C0 /* Main.storyboard in Resources */ = {isa = PBXBuildFile; fileRef = 3608073C254C837400DB81C0 /* Main.storyboard */; };
		36080740254C837500DB81C0 /* Assets.xcassets in Resources */ = {isa = PBXBuildFile; fileRef = 3608073F254C837500DB81C0 /* Assets.xcassets */; };
		36080743254C837500DB81C0 /* LaunchScreen.storyboard in Resources */ = {isa = PBXBuildFile; fileRef = 36080741254C837500DB81C0 /* LaunchScreen.storyboard */; };
		8223286D7861FD8B8D541486 /* Pods_TestImagePicker.framework in Frameworks */ = {isa = PBXBuildFile; fileRef = E01820459578A46FB6B5B083 /* Pods_TestImagePicker.framework */; };
/* End PBXBuildFile section */

/* Begin PBXFileReference section */
		07FB320781788649667E6E5C /* Pods-TestImagePicker.debug.xcconfig */ = {isa = PBXFileReference; includeInIndex = 1; lastKnownFileType = text.xcconfig; name = "Pods-TestImagePicker.debug.xcconfig"; path = "Target Support Files/Pods-TestImagePicker/Pods-TestImagePicker.debug.xcconfig"; sourceTree = "<group>"; };
		2A3658C350929660698A8D16 /* Pods-TestImagePicker.release.xcconfig */ = {isa = PBXFileReference; includeInIndex = 1; lastKnownFileType = text.xcconfig; name = "Pods-TestImagePicker.release.xcconfig"; path = "Target Support Files/Pods-TestImagePicker/Pods-TestImagePicker.release.xcconfig"; sourceTree = "<group>"; };
		36080733254C837400DB81C0 /* TestImagePicker.app */ = {isa = PBXFileReference; explicitFileType = wrapper.application; includeInIndex = 0; path = TestImagePicker.app; sourceTree = BUILT_PRODUCTS_DIR; };
		36080736254C837400DB81C0 /* AppDelegate.swift */ = {isa = PBXFileReference; lastKnownFileType = sourcecode.swift; path = AppDelegate.swift; sourceTree = "<group>"; };
		36080738254C837400DB81C0 /* SceneDelegate.swift */ = {isa = PBXFileReference; lastKnownFileType = sourcecode.swift; path = SceneDelegate.swift; sourceTree = "<group>"; };
		3608073A254C837400DB81C0 /* ViewController.swift */ = {isa = PBXFileReference; lastKnownFileType = sourcecode.swift; path = ViewController.swift; sourceTree = "<group>"; };
		3608073D254C837400DB81C0 /* Base */ = {isa = PBXFileReference; lastKnownFileType = file.storyboard; name = Base; path = Base.lproj/Main.storyboard; sourceTree = "<group>"; };
		3608073F254C837500DB81C0 /* Assets.xcassets */ = {isa = PBXFileReference; lastKnownFileType = folder.assetcatalog; path = Assets.xcassets; sourceTree = "<group>"; };
		36080742254C837500DB81C0 /* Base */ = {isa = PBXFileReference; lastKnownFileType = file.storyboard; name = Base; path = Base.lproj/LaunchScreen.storyboard; sourceTree = "<group>"; };
		36080744254C837500DB81C0 /* Info.plist */ = {isa = PBXFileReference; lastKnownFileType = text.plist.xml; path = Info.plist; sourceTree = "<group>"; };
		E01820459578A46FB6B5B083 /* Pods_TestImagePicker.framework */ = {isa = PBXFileReference; explicitFileType = wrapper.framework; includeInIndex = 0; path = Pods_TestImagePicker.framework; sourceTree = BUILT_PRODUCTS_DIR; };
/* End PBXFileReference section */

/* Begin PBXFrameworksBuildPhase section */
		36080730254C837400DB81C0 /* Frameworks */ = {
			isa = PBXFrameworksBuildPhase;
			buildActionMask = 2147483647;
			files = (
				8223286D7861FD8B8D541486 /* Pods_TestImagePicker.framework in Frameworks */,
			);
			runOnlyForDeploymentPostprocessing = 0;
		};
/* End PBXFrameworksBuildPhase section */

/* Begin PBXGroup section */
		03B497ACCB6F0001AF8C3087 /* Frameworks */ = {
			isa = PBXGroup;
			children = (
				E01820459578A46FB6B5B083 /* Pods_TestImagePicker.framework */,
			);
			name = Frameworks;
			sourceTree = "<group>";
		};
		3608072A254C837400DB81C0 = {
			isa = PBXGroup;
			children = (
				36080735254C837400DB81C0 /* TestImagePicker */,
				36080734254C837400DB81C0 /* Products */,
				BEFD250597C63AD479E3D341 /* Pods */,
				03B497ACCB6F0001AF8C3087 /* Frameworks */,
			);
			sourceTree = "<group>";
		};
		36080734254C837400DB81C0 /* Products */ = {
			isa = PBXGroup;
			children = (
				36080733254C837400DB81C0 /* TestImagePicker.app */,
			);
			name = Products;
			sourceTree = "<group>";
		};
		36080735254C837400DB81C0 /* TestImagePicker */ = {
			isa = PBXGroup;
			children = (
				36080736254C837400DB81C0 /* AppDelegate.swift */,
				36080738254C837400DB81C0 /* SceneDelegate.swift */,
				3608073A254C837400DB81C0 /* ViewController.swift */,
				3608073C254C837400DB81C0 /* Main.storyboard */,
				3608073F254C837500DB81C0 /* Assets.xcassets */,
				36080741254C837500DB81C0 /* LaunchScreen.storyboard */,
				36080744254C837500DB81C0 /* Info.plist */,
			);
			path = TestImagePicker;
			sourceTree = "<group>";
		};
		BEFD250597C63AD479E3D341 /* Pods */ = {
			isa = PBXGroup;
			children = (
				07FB320781788649667E6E5C /* Pods-TestImagePicker.debug.xcconfig */,
				2A3658C350929660698A8D16 /* Pods-TestImagePicker.release.xcconfig */,
			);
			name = Pods;
			path = Pods;
			sourceTree = "<group>";
		};
/* End PBXGroup section */

/* Begin PBXNativeTarget section */
		36080732254C837400DB81C0 /* TestImagePicker */ = {
			isa = PBXNativeTarget;
			buildConfigurationList = 36080747254C837500DB81C0 /* Build configuration list for PBXNativeTarget "TestImagePicker" */;
			buildPhases = (
				EE927542B7C9BC9DD6C9EA44 /* [CP] Check Pods Manifest.lock */,
				3608072F254C837400DB81C0 /* Sources */,
				36080730254C837400DB81C0 /* Frameworks */,
				36080731254C837400DB81C0 /* Resources */,
				57A876B3C3E8506B6A05FD25 /* [CP] Embed Pods Frameworks */,
			);
			buildRules = (
			);
			dependencies = (
			);
			name = TestImagePicker;
			productName = TestImagePicker;
			productReference = 36080733254C837400DB81C0 /* TestImagePicker.app */;
			productType = "com.apple.product-type.application";
		};
/* End PBXNativeTarget section */

/* Begin PBXProject section */
		3608072B254C837400DB81C0 /* Project object */ = {
			isa = PBXProject;
			attributes = {
				LastSwiftUpdateCheck = 1130;
				LastUpgradeCheck = 1130;
				ORGANIZATIONNAME = "Cassia Franco";
				TargetAttributes = {
					36080732254C837400DB81C0 = {
						CreatedOnToolsVersion = 11.3;
					};
				};
			};
			buildConfigurationList = 3608072E254C837400DB81C0 /* Build configuration list for PBXProject "TestImagePicker" */;
			compatibilityVersion = "Xcode 9.3";
			developmentRegion = en;
			hasScannedForEncodings = 0;
			knownRegions = (
				en,
				Base,
			);
			mainGroup = 3608072A254C837400DB81C0;
			productRefGroup = 36080734254C837400DB81C0 /* Products */;
			projectDirPath = "";
			projectRoot = "";
			targets = (
				36080732254C837400DB81C0 /* TestImagePicker */,
			);
		};
/* End PBXProject section */

/* Begin PBXResourcesBuildPhase section */
		36080731254C837400DB81C0 /* Resources */ = {
			isa = PBXResourcesBuildPhase;
			buildActionMask = 2147483647;
			files = (
				36080743254C837500DB81C0 /* LaunchScreen.storyboard in Resources */,
				36080740254C837500DB81C0 /* Assets.xcassets in Resources */,
				3608073E254C837400DB81C0 /* Main.storyboard in Resources */,
			);
			runOnlyForDeploymentPostprocessing = 0;
		};
/* End PBXResourcesBuildPhase section */

/* Begin PBXShellScriptBuildPhase section */
		57A876B3C3E8506B6A05FD25 /* [CP] Embed Pods Frameworks */ = {
			isa = PBXShellScriptBuildPhase;
			buildActionMask = 2147483647;
			files = (
			);
			inputFileListPaths = (
				"${PODS_ROOT}/Target Support Files/Pods-TestImagePicker/Pods-TestImagePicker-frameworks-${CONFIGURATION}-input-files.xcfilelist",
			);
			name = "[CP] Embed Pods Frameworks";
			outputFileListPaths = (
				"${PODS_ROOT}/Target Support Files/Pods-TestImagePicker/Pods-TestImagePicker-frameworks-${CONFIGURATION}-output-files.xcfilelist",
			);
			runOnlyForDeploymentPostprocessing = 0;
			shellPath = /bin/sh;
			shellScript = "\"${PODS_ROOT}/Target Support Files/Pods-TestImagePicker/Pods-TestImagePicker-frameworks.sh\"\n";
			showEnvVarsInLog = 0;
		};
		EE927542B7C9BC9DD6C9EA44 /* [CP] Check Pods Manifest.lock */ = {
			isa = PBXShellScriptBuildPhase;
			buildActionMask = 2147483647;
			files = (
			);
			inputFileListPaths = (
			);
			inputPaths = (
				"${PODS_PODFILE_DIR_PATH}/Podfile.lock",
				"${PODS_ROOT}/Manifest.lock",
			);
			name = "[CP] Check Pods Manifest.lock";
			outputFileListPaths = (
			);
			outputPaths = (
				"$(DERIVED_FILE_DIR)/Pods-TestImagePicker-checkManifestLockResult.txt",
			);
			runOnlyForDeploymentPostprocessing = 0;
			shellPath = /bin/sh;
			shellScript = "diff \"${PODS_PODFILE_DIR_PATH}/Podfile.lock\" \"${PODS_ROOT}/Manifest.lock\" > /dev/null\nif [ $? != 0 ] ; then\n    # print error to STDERR\n    echo \"error: The sandbox is not in sync with the Podfile.lock. Run 'pod install' or update your CocoaPods installation.\" >&2\n    exit 1\nfi\n# This output is used by Xcode 'outputs' to avoid re-running this script phase.\necho \"SUCCESS\" > \"${SCRIPT_OUTPUT_FILE_0}\"\n";
			showEnvVarsInLog = 0;
		};
/* End PBXShellScriptBuildPhase section */

/* Begin PBXSourcesBuildPhase section */
		3608072F254C837400DB81C0 /* Sources */ = {
			isa = PBXSourcesBuildPhase;
			buildActionMask = 2147483647;
			files = (
				3608073B254C837400DB81C0 /* ViewController.swift in Sources */,
				36080737254C837400DB81C0 /* AppDelegate.swift in Sources */,
				36080739254C837400DB81C0 /* SceneDelegate.swift in Sources */,
			);
			runOnlyForDeploymentPostprocessing = 0;
		};
/* End PBXSourcesBuildPhase section */

/* Begin PBXVariantGroup section */
		3608073C254C837400DB81C0 /* Main.storyboard */ = {
			isa = PBXVariantGroup;
			children = (
				3608073D254C837400DB81C0 /* Base */,
			);
			name = Main.storyboard;
			sourceTree = "<group>";
		};
		36080741254C837500DB81C0 /* LaunchScreen.storyboard */ = {
			isa = PBXVariantGroup;
			children = (
				36080742254C837500DB81C0 /* Base */,
			);
			name = LaunchScreen.storyboard;
			sourceTree = "<group>";
		};
/* End PBXVariantGroup section */

/* Begin XCBuildConfiguration section */
		36080745254C837500DB81C0 /* Debug */ = {
			isa = XCBuildConfiguration;
			buildSettings = {
				ALWAYS_SEARCH_USER_PATHS = NO;
				CLANG_ANALYZER_NONNULL = YES;
				CLANG_ANALYZER_NUMBER_OBJECT_CONVERSION = YES_AGGRESSIVE;
				CLANG_CXX_LANGUAGE_STANDARD = "gnu++14";
				CLANG_CXX_LIBRARY = "libc++";
				CLANG_ENABLE_MODULES = YES;
				CLANG_ENABLE_OBJC_ARC = YES;
				CLANG_ENABLE_OBJC_WEAK = YES;
				CLANG_WARN_BLOCK_CAPTURE_AUTORELEASING = YES;
				CLANG_WARN_BOOL_CONVERSION = YES;
				CLANG_WARN_COMMA = YES;
				CLANG_WARN_CONSTANT_CONVERSION = YES;
				CLANG_WARN_DEPRECATED_OBJC_IMPLEMENTATIONS = YES;
				CLANG_WARN_DIRECT_OBJC_ISA_USAGE = YES_ERROR;
				CLANG_WARN_DOCUMENTATION_COMMENTS = YES;
				CLANG_WARN_EMPTY_BODY = YES;
				CLANG_WARN_ENUM_CONVERSION = YES;
				CLANG_WARN_INFINITE_RECURSION = YES;
				CLANG_WARN_INT_CONVERSION = YES;
				CLANG_WARN_NON_LITERAL_NULL_CONVERSION = YES;
				CLANG_WARN_OBJC_IMPLICIT_RETAIN_SELF = YES;
				CLANG_WARN_OBJC_LITERAL_CONVERSION = YES;
				CLANG_WARN_OBJC_ROOT_CLASS = YES_ERROR;
				CLANG_WARN_RANGE_LOOP_ANALYSIS = YES;
				CLANG_WARN_STRICT_PROTOTYPES = YES;
				CLANG_WARN_SUSPICIOUS_MOVE = YES;
				CLANG_WARN_UNGUARDED_AVAILABILITY = YES_AGGRESSIVE;
				CLANG_WARN_UNREACHABLE_CODE = YES;
				CLANG_WARN__DUPLICATE_METHOD_MATCH = YES;
				COPY_PHASE_STRIP = NO;
				DEBUG_INFORMATION_FORMAT = dwarf;
				ENABLE_STRICT_OBJC_MSGSEND = YES;
				ENABLE_TESTABILITY = YES;
				GCC_C_LANGUAGE_STANDARD = gnu11;
				GCC_DYNAMIC_NO_PIC = NO;
				GCC_NO_COMMON_BLOCKS = YES;
				GCC_OPTIMIZATION_LEVEL = 0;
				GCC_PREPROCESSOR_DEFINITIONS = (
					"DEBUG=1",
					"$(inherited)",
				);
				GCC_WARN_64_TO_32_BIT_CONVERSION = YES;
				GCC_WARN_ABOUT_RETURN_TYPE = YES_ERROR;
				GCC_WARN_UNDECLARED_SELECTOR = YES;
				GCC_WARN_UNINITIALIZED_AUTOS = YES_AGGRESSIVE;
				GCC_WARN_UNUSED_FUNCTION = YES;
				GCC_WARN_UNUSED_VARIABLE = YES;
				IPHONEOS_DEPLOYMENT_TARGET = 13.2;
				MTL_ENABLE_DEBUG_INFO = INCLUDE_SOURCE;
				MTL_FAST_MATH = YES;
				ONLY_ACTIVE_ARCH = YES;
				SDKROOT = iphoneos;
				SWIFT_ACTIVE_COMPILATION_CONDITIONS = DEBUG;
				SWIFT_OPTIMIZATION_LEVEL = "-Onone";
			};
			name = Debug;
		};
		36080746254C837500DB81C0 /* Release */ = {
			isa = XCBuildConfiguration;
			buildSettings = {
				ALWAYS_SEARCH_USER_PATHS = NO;
				CLANG_ANALYZER_NONNULL = YES;
				CLANG_ANALYZER_NUMBER_OBJECT_CONVERSION = YES_AGGRESSIVE;
				CLANG_CXX_LANGUAGE_STANDARD = "gnu++14";
				CLANG_CXX_LIBRARY = "libc++";
				CLANG_ENABLE_MODULES = YES;
				CLANG_ENABLE_OBJC_ARC = YES;
				CLANG_ENABLE_OBJC_WEAK = YES;
				CLANG_WARN_BLOCK_CAPTURE_AUTORELEASING = YES;
				CLANG_WARN_BOOL_CONVERSION = YES;
				CLANG_WARN_COMMA = YES;
				CLANG_WARN_CONSTANT_CONVERSION = YES;
				CLANG_WARN_DEPRECATED_OBJC_IMPLEMENTATIONS = YES;
				CLANG_WARN_DIRECT_OBJC_ISA_USAGE = YES_ERROR;
				CLANG_WARN_DOCUMENTATION_COMMENTS = YES;
				CLANG_WARN_EMPTY_BODY = YES;
				CLANG_WARN_ENUM_CONVERSION = YES;
				CLANG_WARN_INFINITE_RECURSION = YES;
				CLANG_WARN_INT_CONVERSION = YES;
				CLANG_WARN_NON_LITERAL_NULL_CONVERSION = YES;
				CLANG_WARN_OBJC_IMPLICIT_RETAIN_SELF = YES;
				CLANG_WARN_OBJC_LITERAL_CONVERSION = YES;
				CLANG_WARN_OBJC_ROOT_CLASS = YES_ERROR;
				CLANG_WARN_RANGE_LOOP_ANALYSIS = YES;
				CLANG_WARN_STRICT_PROTOTYPES = YES;
				CLANG_WARN_SUSPICIOUS_MOVE = YES;
				CLANG_WARN_UNGUARDED_AVAILABILITY = YES_AGGRESSIVE;
				CLANG_WARN_UNREACHABLE_CODE = YES;
				CLANG_WARN__DUPLICATE_METHOD_MATCH = YES;
				COPY_PHASE_STRIP = NO;
				DEBUG_INFORMATION_FORMAT = "dwarf-with-dsym";
				ENABLE_NS_ASSERTIONS = NO;
				ENABLE_STRICT_OBJC_MSGSEND = YES;
				GCC_C_LANGUAGE_STANDARD = gnu11;
				GCC_NO_COMMON_BLOCKS = YES;
				GCC_WARN_64_TO_32_BIT_CONVERSION = YES;
				GCC_WARN_ABOUT_RETURN_TYPE = YES_ERROR;
				GCC_WARN_UNDECLARED_SELECTOR = YES;
				GCC_WARN_UNINITIALIZED_AUTOS = YES_AGGRESSIVE;
				GCC_WARN_UNUSED_FUNCTION = YES;
				GCC_WARN_UNUSED_VARIABLE = YES;
				IPHONEOS_DEPLOYMENT_TARGET = 13.2;
				MTL_ENABLE_DEBUG_INFO = NO;
				MTL_FAST_MATH = YES;
				SDKROOT = iphoneos;
				SWIFT_COMPILATION_MODE = wholemodule;
				SWIFT_OPTIMIZATION_LEVEL = "-O";
				VALIDATE_PRODUCT = YES;
			};
			name = Release;
		};
		36080748254C837500DB81C0 /* Debug */ = {
			isa = XCBuildConfiguration;
			baseConfigurationReference = 07FB320781788649667E6E5C /* Pods-TestImagePicker.debug.xcconfig */;
			buildSettings = {
				ASSETCATALOG_COMPILER_APPICON_NAME = AppIcon;
				CODE_SIGN_STYLE = Automatic;
				DEVELOPMENT_TEAM = ZKN7GZZS2K;
				INFOPLIST_FILE = TestImagePicker/Info.plist;
				LD_RUNPATH_SEARCH_PATHS = (
					"$(inherited)",
					"@executable_path/Frameworks",
				);
				PRODUCT_BUNDLE_IDENTIFIER = com.CassiaFranco.TestImagePicker;
				PRODUCT_NAME = "$(TARGET_NAME)";
				SWIFT_VERSION = 5.0;
				TARGETED_DEVICE_FAMILY = "1,2";
			};
			name = Debug;
		};
		36080749254C837500DB81C0 /* Release */ = {
			isa = XCBuildConfiguration;
			baseConfigurationReference = 2A3658C350929660698A8D16 /* Pods-TestImagePicker.release.xcconfig */;
			buildSettings = {
				ASSETCATALOG_COMPILER_APPICON_NAME = AppIcon;
				CODE_SIGN_STYLE = Automatic;
				DEVELOPMENT_TEAM = ZKN7GZZS2K;
				INFOPLIST_FILE = TestImagePicker/Info.plist;
				LD_RUNPATH_SEARCH_PATHS = (
					"$(inherited)",
					"@executable_path/Frameworks",
				);
				PRODUCT_BUNDLE_IDENTIFIER = com.CassiaFranco.TestImagePicker;
				PRODUCT_NAME = "$(TARGET_NAME)";
				SWIFT_VERSION = 5.0;
				TARGETED_DEVICE_FAMILY = "1,2";
			};
			name = Release;
		};
/* End XCBuildConfiguration section */

/* Begin XCConfigurationList section */
		3608072E254C837400DB81C0 /* Build configuration list for PBXProject "TestImagePicker" */ = {
			isa = XCConfigurationList;
			buildConfigurations = (
				36080745254C837500DB81C0 /* Debug */,
				36080746254C837500DB81C0 /* Release */,
			);
			defaultConfigurationIsVisible = 0;
			defaultConfigurationName = Release;
		};
		36080747254C837500DB81C0 /* Build configuration list for PBXNativeTarget "TestImagePicker" */ = {
			isa = XCConfigurationList;
			buildConfigurations = (
				36080748254C837500DB81C0 /* Debug */,
				36080749254C837500DB81C0 /* Release */,
			);
			defaultConfigurationIsVisible = 0;
			defaultConfigurationName = Release;
		};
/* End XCConfigurationList section */
	};
	rootObject = 3608072B254C837400DB81C0 /* Project object */;
}
